[[package]]
name = "beautifulsoup4"
version = "4.10.0"
description = "Screen-scraping library"
category = "main"
optional = false
python-versions = ">3.0.0"

[package.dependencies]
soupsieve = ">1.2"

[package.extras]
html5lib = ["html5lib"]
lxml = ["lxml"]

[[package]]
name = "certifi"
version = "2021.10.8"
description = "Python package for providing Mozilla's CA Bundle."
category = "main"
optional = false
python-versions = "*"

[[package]]
name = "charset-normalizer"
version = "2.0.9"
description = "The Real First Universal Charset Detector. Open, modern and actively maintained alternative to Chardet."
category = "main"
optional = false
python-versions = ">=3.5.0"

[package.extras]
unicode_backport = ["unicodedata2"]

[[package]]
name = "flwr"
version = "0.16.0"
description = "Flower - A Friendly Federated Learning Framework"
category = "main"
optional = false
python-versions = ">=3.6.2,<4.0.0"

[package.dependencies]
google = ">=2.0.3,<3.0.0"
grpcio = ">=1.27.2,<2.0.0"
numpy = ">=1.19.0,<2.0.0"
protobuf = ">=3.12.1,<4.0.0"

[package.extras]
baseline = ["tensorflow-cpu (==2.4.0)", "boto3 (>=1.12.36,<2.0.0)", "boto3_type_annotations (>=0.3.1,<0.4.0)", "paramiko (>=2.7.1,<3.0.0)", "docker (>=4.2.0,<5.0.0)", "matplotlib (>=3.2.1,<4.0.0)"]
examples-tensorflow = ["tensorflow-cpu (==2.4.0)"]
http-logger = ["tensorflow-cpu (==2.4.0)", "boto3 (>=1.12.36,<2.0.0)", "boto3_type_annotations (>=0.3.1,<0.4.0)", "paramiko (>=2.7.1,<3.0.0)", "docker (>=4.2.0,<5.0.0)", "matplotlib (>=3.2.1,<4.0.0)"]
examples-pytorch = ["torch (>=1.8.0,<2.0.0)", "torchvision (>=0.9.0,<0.10.0)", "tqdm (>=4.48.2,<5.0.0)"]
ops = ["boto3 (>=1.12.36,<2.0.0)", "boto3_type_annotations (>=0.3.1,<0.4.0)", "paramiko (>=2.7.1,<3.0.0)", "docker (>=4.2.0,<5.0.0)"]

[[package]]
name = "google"
version = "2.0.3"
description = "Python bindings to the Google search engine."
category = "main"
optional = false
python-versions = "*"

[package.dependencies]
beautifulsoup4 = "*"

[[package]]
name = "grpcio"
version = "1.42.0"
description = "HTTP/2-based RPC framework"
category = "main"
optional = false
python-versions = ">=3.6"

[package.dependencies]
six = ">=1.5.2"

[package.extras]
protobuf = ["grpcio-tools (>=1.42.0)"]

[[package]]
name = "idna"
version = "3.3"
description = "Internationalized Domain Names in Applications (IDNA)"
category = "main"
optional = false
python-versions = ">=3.5"

[[package]]
name = "joblib"
version = "1.1.0"
description = "Lightweight pipelining with Python functions"
category = "main"
optional = false
python-versions = ">=3.6"

[[package]]
name = "liac-arff"
version = "2.5.0"
description = "A module for read and write ARFF files in Python."
category = "main"
optional = false
python-versions = ">=2.7, !=3.0.*, !=3.1.*, !=3.2.*, !=3.3.*, !=3.4.*"

[[package]]
name = "minio"
version = "7.1.2"
description = "MinIO Python SDK for Amazon S3 Compatible Cloud Storage"
category = "main"
optional = false
python-versions = "*"

[package.dependencies]
certifi = "*"
urllib3 = "*"

[[package]]
name = "numpy"
version = "1.21.1"
description = "NumPy is the fundamental package for array computing with Python."
category = "main"
optional = false
python-versions = ">=3.7"

[[package]]
name = "openml"
version = "0.12.2"
description = "Python API for OpenML"
category = "main"
optional = false
python-versions = ">=3.6"

[package.dependencies]
liac-arff = ">=2.4.0"
minio = "*"
numpy = ">=1.6.2"
pandas = ">=1.0.0"
pyarrow = "*"
python-dateutil = "*"
requests = "*"
scikit-learn = ">=0.18"
scipy = ">=0.13.3"
xmltodict = "*"

[package.extras]
docs = ["sphinx (>=3)", "sphinx-gallery", "sphinx-bootstrap-theme", "numpydoc"]
examples = ["matplotlib", "jupyter", "notebook", "nbconvert", "nbformat", "jupyter-client", "ipython", "ipykernel", "seaborn"]
examples_unix = ["fanova"]
test = ["nbconvert", "jupyter-client", "matplotlib", "pytest", "pytest-xdist", "pytest-timeout", "nbformat", "oslo.concurrency", "flaky", "pre-commit", "pytest-cov", "pytest-rerunfailures", "mypy"]

[[package]]
name = "pandas"
version = "1.3.5"
description = "Powerful data structures for data analysis, time series, and statistics"
category = "main"
optional = false
python-versions = ">=3.7.1"

[package.dependencies]
numpy = [
    {version = ">=1.17.3", markers = "platform_machine != \"aarch64\" and platform_machine != \"arm64\" and python_version < \"3.10\""},
    {version = ">=1.19.2", markers = "platform_machine == \"aarch64\" and python_version < \"3.10\""},
    {version = ">=1.20.0", markers = "platform_machine == \"arm64\" and python_version < \"3.10\""},
    {version = ">=1.21.0", markers = "python_version >= \"3.10\""},
]
python-dateutil = ">=2.7.3"
pytz = ">=2017.3"

[package.extras]
test = ["hypothesis (>=3.58)", "pytest (>=6.0)", "pytest-xdist"]

[[package]]
name = "protobuf"
version = "3.19.1"
description = "Protocol Buffers"
category = "main"
optional = false
python-versions = ">=3.5"

[[package]]
name = "pyarrow"
version = "6.0.1"
description = "Python library for Apache Arrow"
category = "main"
optional = false
python-versions = ">=3.6"

[package.dependencies]
numpy = ">=1.16.6"

[[package]]
name = "python-dateutil"
version = "2.8.2"
description = "Extensions to the standard Python datetime module"
category = "main"
optional = false
python-versions = "!=3.0.*,!=3.1.*,!=3.2.*,>=2.7"

[package.dependencies]
six = ">=1.5"

[[package]]
name = "pytz"
version = "2021.3"
description = "World timezone definitions, modern and historical"
category = "main"
optional = false
python-versions = "*"

[[package]]
name = "requests"
version = "2.26.0"
description = "Python HTTP for Humans."
category = "main"
optional = false
python-versions = ">=2.7, !=3.0.*, !=3.1.*, !=3.2.*, !=3.3.*, !=3.4.*, !=3.5.*"

[package.dependencies]
certifi = ">=2017.4.17"
charset-normalizer = {version = ">=2.0.0,<2.1.0", markers = "python_version >= \"3\""}
idna = {version = ">=2.5,<4", markers = "python_version >= \"3\""}
urllib3 = ">=1.21.1,<1.27"

[package.extras]
socks = ["PySocks (>=1.5.6,!=1.5.7)", "win-inet-pton"]
use_chardet_on_py3 = ["chardet (>=3.0.2,<5)"]

[[package]]
name = "scikit-learn"
version = "1.0.1"
description = "A set of python modules for machine learning and data mining"
category = "main"
optional = false
python-versions = ">=3.7"

[package.dependencies]
joblib = ">=0.11"
numpy = ">=1.14.6"
scipy = ">=1.1.0"
threadpoolctl = ">=2.0.0"

[package.extras]
benchmark = ["matplotlib (>=2.2.3)", "pandas (>=0.25.0)", "memory-profiler (>=0.57.0)"]
docs = ["matplotlib (>=2.2.3)", "scikit-image (>=0.14.5)", "pandas (>=0.25.0)", "seaborn (>=0.9.0)", "memory-profiler (>=0.57.0)", "sphinx (>=4.0.1)", "sphinx-gallery (>=0.7.0)", "numpydoc (>=1.0.0)", "Pillow (>=7.1.2)", "sphinx-prompt (>=1.3.0)", "sphinxext-opengraph (>=0.4.2)"]
examples = ["matplotlib (>=2.2.3)", "scikit-image (>=0.14.5)", "pandas (>=0.25.0)", "seaborn (>=0.9.0)"]
tests = ["matplotlib (>=2.2.3)", "scikit-image (>=0.14.5)", "pandas (>=0.25.0)", "pytest (>=5.0.1)", "pytest-cov (>=2.9.0)", "flake8 (>=3.8.2)", "black (>=21.6b0)", "mypy (>=0.770)", "pyamg (>=4.0.0)"]

[[package]]
name = "scipy"
version = "1.6.1"
description = "SciPy: Scientific Library for Python"
category = "main"
optional = false
python-versions = ">=3.7"

[package.dependencies]
numpy = ">=1.16.5"

[[package]]
name = "six"
version = "1.16.0"
description = "Python 2 and 3 compatibility utilities"
category = "main"
optional = false
python-versions = ">=2.7, !=3.0.*, !=3.1.*, !=3.2.*"

[[package]]
name = "soupsieve"
version = "2.3.1"
description = "A modern CSS selector implementation for Beautiful Soup."
category = "main"
optional = false
python-versions = ">=3.6"

[[package]]
name = "threadpoolctl"
version = "3.0.0"
description = "threadpoolctl"
category = "main"
optional = false
python-versions = ">=3.6"

[[package]]
name = "torch"
version = "1.10.0"
description = "Tensors and Dynamic neural networks in Python with strong GPU acceleration"
category = "main"
optional = false
python-versions = ">=3.6.2"

[package.dependencies]
typing-extensions = "*"

[[package]]
name = "typing-extensions"
version = "4.0.1"
description = "Backported and Experimental Type Hints for Python 3.6+"
category = "main"
optional = false
python-versions = ">=3.6"

[[package]]
name = "urllib3"
version = "1.26.7"
description = "HTTP library with thread-safe connection pooling, file post, and more."
category = "main"
optional = false
python-versions = ">=2.7, !=3.0.*, !=3.1.*, !=3.2.*, !=3.3.*, !=3.4.*, <4"

[package.extras]
brotli = ["brotlipy (>=0.6.0)"]
secure = ["pyOpenSSL (>=0.14)", "cryptography (>=1.3.4)", "idna (>=2.0.0)", "certifi", "ipaddress"]
socks = ["PySocks (>=1.5.6,!=1.5.7,<2.0)"]

[[package]]
name = "xmltodict"
version = "0.12.0"
description = "Makes working with XML feel like you are working with JSON"
category = "main"
optional = false
python-versions = ">=2.7, !=3.0.*, !=3.1.*, !=3.2.*, !=3.3.*"

[metadata]
lock-version = "1.1"
python-versions = "^3.8"
content-hash = "efa25e15ea6e99492d76297babe1fa1a4e079429f9aec764419d12625d348b13"

[metadata.files]
beautifulsoup4 = [
    {file = "beautifulsoup4-4.10.0-py3-none-any.whl", hash = "sha256:9a315ce70049920ea4572a4055bc4bd700c940521d36fc858205ad4fcde149bf"},
    {file = "beautifulsoup4-4.10.0.tar.gz", hash = "sha256:c23ad23c521d818955a4151a67d81580319d4bf548d3d49f4223ae041ff98891"},
]
certifi = [
    {file = "certifi-2021.10.8-py2.py3-none-any.whl", hash = "sha256:d62a0163eb4c2344ac042ab2bdf75399a71a2d8c7d47eac2e2ee91b9d6339569"},
    {file = "certifi-2021.10.8.tar.gz", hash = "sha256:78884e7c1d4b00ce3cea67b44566851c4343c120abd683433ce934a68ea58872"},
]
charset-normalizer = [
    {file = "charset-normalizer-2.0.9.tar.gz", hash = "sha256:b0b883e8e874edfdece9c28f314e3dd5badf067342e42fb162203335ae61aa2c"},
    {file = "charset_normalizer-2.0.9-py3-none-any.whl", hash = "sha256:1eecaa09422db5be9e29d7fc65664e6c33bd06f9ced7838578ba40d58bdf3721"},
]
flwr = [
    {file = "flwr-0.16.0-py3-none-any.whl", hash = "sha256:236c43327086421144fbdb72010d87028bca0bd799a01e520a1b51140bf63ad8"},
    {file = "flwr-0.16.0.tar.gz", hash = "sha256:de8635d0590ad2b6e357bd9285f1626bed5b699f7d383f36b2ffb88b6aa05ec7"},
]
google = [
    {file = "google-2.0.3-py2.py3-none-any.whl", hash = "sha256:c03517e6f9eec7a03c07b864f9a64384fd4bc1efce9034d42e3f90addc9fe4ee"},
    {file = "google-2.0.3.tar.gz", hash = "sha256:ff7d997dbf33be666ed5deb8c5abf5d103c27ec199559b6d994923469e26bb48"},
]
grpcio = [
    {file = "grpcio-1.42.0-cp310-cp310-linux_armv7l.whl", hash = "sha256:6e5eec67909795f7b1ff2bd941bd6c2661ca5217ea9c35003d73314100786f60"},
    {file = "grpcio-1.42.0-cp310-cp310-macosx_10_10_universal2.whl", hash = "sha256:8e8cd9909fdd232ecffb954936fd90c935ebe0b5fce36c88813f8247ce54019c"},
    {file = "grpcio-1.42.0-cp310-cp310-manylinux_2_17_aarch64.whl", hash = "sha256:b4d7115ee08a36f3f50a6233bd78280e40847e078d2a5bb39c0ab0db4490d58f"},
    {file = "grpcio-1.42.0-cp310-cp310-manylinux_2_17_i686.manylinux2014_i686.whl", hash = "sha256:b781f412546830be55644f7c48251d30860f4725981862d4a1ea322f80d9cd34"},
    {file = "grpcio-1.42.0-cp310-cp310-manylinux_2_17_x86_64.manylinux2014_x86_64.whl", hash = "sha256:e62140c46d8125927c673c72c960cb387c02b2a1a3c6985a8b0a3914d27c0018"},
    {file = "grpcio-1.42.0-cp310-cp310-win32.whl", hash = "sha256:6b69726d7bbb633133c1b0d780b1357aa9b7a7f714fead6470bab1feb8012806"},
    {file = "grpcio-1.42.0-cp310-cp310-win_amd64.whl", hash = "sha256:d6c0b159b38fcc3bbc3331105197c1f58ac0d294eb83910d136a325a85def88f"},
    {file = "grpcio-1.42.0-cp36-cp36m-linux_armv7l.whl", hash = "sha256:53e10d07e541073eb9a84d49ecffb831c3cbb970bcd8cd8de8431e935bf66c2e"},
    {file = "grpcio-1.42.0-cp36-cp36m-macosx_10_10_x86_64.whl", hash = "sha256:7a3c9b8e13365529f9426d4754085e8a9c2ad718a41a46a97e4e30e87bb45eae"},
    {file = "grpcio-1.42.0-cp36-cp36m-manylinux2010_i686.whl", hash = "sha256:66f910b6324ae69625e63db2eb29d833c307cfa36736fe13d2f841656c5f658f"},
    {file = "grpcio-1.42.0-cp36-cp36m-manylinux2010_x86_64.whl", hash = "sha256:59163b8d2e0d85f0ecbee52b348f867eec7e0f909177564fb3956363f7e616e5"},
    {file = "grpcio-1.42.0-cp36-cp36m-manylinux_2_17_aarch64.whl", hash = "sha256:d92c1721c7981812d0f42dfc8248b15d3b6a2ea79eb8870776364423de2aa245"},
    {file = "grpcio-1.42.0-cp36-cp36m-manylinux_2_17_i686.manylinux2014_i686.whl", hash = "sha256:65720d2bf05e2b78c4bffe372f13c41845bae5658fd3f5dd300c374dd240e5cb"},
    {file = "grpcio-1.42.0-cp36-cp36m-manylinux_2_17_x86_64.manylinux2014_x86_64.whl", hash = "sha256:f385e40846ff81d1c6dce98dcc192c7988a46540758804c4a2e6da5a0e3e3e05"},
    {file = "grpcio-1.42.0-cp36-cp36m-win32.whl", hash = "sha256:ea3560ffbfe08327024380508190103937fef25e355d2259f8b5c003a0732f55"},
    {file = "grpcio-1.42.0-cp36-cp36m-win_amd64.whl", hash = "sha256:29fc36c99161ff307c8ca438346b2e36f81dac5ecdbabc983d0b255d7913fb19"},
    {file = "grpcio-1.42.0-cp37-cp37m-linux_armv7l.whl", hash = "sha256:76b5fa4c6d88f804456e763461cf7a1db38b200669f1ba00c579014ab5aa7965"},
    {file = "grpcio-1.42.0-cp37-cp37m-macosx_10_10_x86_64.whl", hash = "sha256:d1451a8c0c01c5b5fdfeb8f777820cb277fb5d797d972f57a41bb82483c44a79"},
    {file = "grpcio-1.42.0-cp37-cp37m-manylinux2010_i686.whl", hash = "sha256:6655df5f31664bac4cd6c9b52f389fd92cd10025504ad83685038f47e11e29d8"},
    {file = "grpcio-1.42.0-cp37-cp37m-manylinux2010_x86_64.whl", hash = "sha256:5b9f0c4822e3a52a1663a315752c6bbdbed0ec15a660d3e64137335acbb5b7ce"},
    {file = "grpcio-1.42.0-cp37-cp37m-manylinux_2_17_aarch64.whl", hash = "sha256:7742606ac2bc03ed10360f4f630e0cc01dce864fe63557254e9adea21bb51416"},
    {file = "grpcio-1.42.0-cp37-cp37m-manylinux_2_17_i686.manylinux2014_i686.whl", hash = "sha256:603d71de14ab1f1fd1254b69ceda73545943461b1f51f82fda9477503330b6ea"},
    {file = "grpcio-1.42.0-cp37-cp37m-manylinux_2_17_x86_64.manylinux2014_x86_64.whl", hash = "sha256:d08ce780bbd8d1a442d855bd681ed0f7483c65d2c8ed83701a9ea4f13678411f"},
    {file = "grpcio-1.42.0-cp37-cp37m-win32.whl", hash = "sha256:2aba7f93671ec971c5c70db81633b49a2f974aa09a2d811aede344a32bad1896"},
    {file = "grpcio-1.42.0-cp37-cp37m-win_amd64.whl", hash = "sha256:2956da789d74fc35d2c869b3aa45dbf41c5d862c056ca8b5e35a688347ede809"},
    {file = "grpcio-1.42.0-cp38-cp38-linux_armv7l.whl", hash = "sha256:21aa4a111b3381d3dd982a3df62348713b29f651aa9f6dfbc9415adbfe28d2ba"},
    {file = "grpcio-1.42.0-cp38-cp38-macosx_10_10_x86_64.whl", hash = "sha256:a6f9ed5320b93c029615b75f6c8caf2c76aa6545d8845f3813908892cfc5f84e"},
    {file = "grpcio-1.42.0-cp38-cp38-manylinux2010_i686.whl", hash = "sha256:3a13953e12dc40ee247b5fe6ef22b5fac8f040a76b814a11bf9f423e82402f28"},
    {file = "grpcio-1.42.0-cp38-cp38-manylinux2010_x86_64.whl", hash = "sha256:f721b42a20d886c03d9b1f461b228cdaf02ccf6c4550e263f7fd3ce3ff19a8f1"},
    {file = "grpcio-1.42.0-cp38-cp38-manylinux_2_17_aarch64.whl", hash = "sha256:e2d9c6690d4c88cd51ee395d7ba5bd1d26d7c37e94cb59e7fd62ff21ecaf891d"},
    {file = "grpcio-1.42.0-cp38-cp38-manylinux_2_17_i686.manylinux2014_i686.whl", hash = "sha256:d7f66eb220898787d7821a7931e35ae2512ed74f79f75adcd7ea2fb3119ca87d"},
    {file = "grpcio-1.42.0-cp38-cp38-manylinux_2_17_x86_64.manylinux2014_x86_64.whl", hash = "sha256:f2e3f250e5398bf474c6e140df1b67494bf1e31c5277b5bf93841a564cbc22d0"},
    {file = "grpcio-1.42.0-cp38-cp38-win32.whl", hash = "sha256:06d5364e85e0fa50ee68bffd9c93a6aff869a91c68f1fd7ba1b944e063a0ff9f"},
    {file = "grpcio-1.42.0-cp38-cp38-win_amd64.whl", hash = "sha256:d58b3774ee2084c31aad140586a42e18328d9823959ca006a0b85ad7937fe405"},
    {file = "grpcio-1.42.0-cp39-cp39-linux_armv7l.whl", hash = "sha256:b74bbac7e039cf23ed0c8edd820c31e90a52a22e28a03d45274a0956addde8d2"},
    {file = "grpcio-1.42.0-cp39-cp39-macosx_10_10_x86_64.whl", hash = "sha256:2b264cf303a22c46f8d455f42425c546ad6ce22f183debb8d64226ddf1e039f4"},
    {file = "grpcio-1.42.0-cp39-cp39-manylinux2010_i686.whl", hash = "sha256:64f2b3e6474e2ad865478b64f0850d15842acbb2623de5f78a60ceabe00c63e0"},
    {file = "grpcio-1.42.0-cp39-cp39-manylinux2010_x86_64.whl", hash = "sha256:bf916ee93ea2fd52b5286ed4e19cbbde5e82754914379ea91dc5748550df3b4e"},
    {file = "grpcio-1.42.0-cp39-cp39-manylinux_2_17_aarch64.whl", hash = "sha256:6ef72f0abdb89fb7c366a99e04823ecae5cda9f762f2234f42fc280447277cd6"},
    {file = "grpcio-1.42.0-cp39-cp39-manylinux_2_17_i686.manylinux2014_i686.whl", hash = "sha256:47ab65be9ba7a0beee94bbe2fb1dd03cb7832db9df4d1f8fae215a16b3edeb5e"},
    {file = "grpcio-1.42.0-cp39-cp39-manylinux_2_17_x86_64.manylinux2014_x86_64.whl", hash = "sha256:0209f30741de1875413f40e89bec9c647e7afad4a3549a6a1682c1ee23da68ca"},
    {file = "grpcio-1.42.0-cp39-cp39-win32.whl", hash = "sha256:5441d343602ce10ba48fcb36bb5de197a15a01dc9ee0f71c2a73cd5cd3d7f5ac"},
    {file = "grpcio-1.42.0-cp39-cp39-win_amd64.whl", hash = "sha256:17433f7eb01737240581b33fbc2eae7b7fa6d3429571782580bceaf05ec56cb8"},
    {file = "grpcio-1.42.0.tar.gz", hash = "sha256:4a8f2c7490fe3696e0cdd566e2f099fb91b51bc75446125175c55581c2f7bc11"},
]
idna = [
    {file = "idna-3.3-py3-none-any.whl", hash = "sha256:84d9dd047ffa80596e0f246e2eab0b391788b0503584e8945f2368256d2735ff"},
    {file = "idna-3.3.tar.gz", hash = "sha256:9d643ff0a55b762d5cdb124b8eaa99c66322e2157b69160bc32796e824360e6d"},
]
joblib = [
    {file = "joblib-1.1.0-py2.py3-none-any.whl", hash = "sha256:f21f109b3c7ff9d95f8387f752d0d9c34a02aa2f7060c2135f465da0e5160ff6"},
    {file = "joblib-1.1.0.tar.gz", hash = "sha256:4158fcecd13733f8be669be0683b96ebdbbd38d23559f54dca7205aea1bf1e35"},
]
liac-arff = [
    {file = "liac-arff-2.5.0.tar.gz", hash = "sha256:3220d0af6487c5aa71b47579be7ad1d94f3849ff1e224af3bf05ad49a0b5c4da"},
]
minio = [
    {file = "minio-7.1.2-py3-none-any.whl", hash = "sha256:51318733496f37617bebfefe116453406a0d5afc6add8c421df07f32e0843c2b"},
    {file = "minio-7.1.2.tar.gz", hash = "sha256:40d0cdb4dba5d5610d6599ea740cf827102db5bfa71279fc220c3cf7305bedc1"},
]
numpy = [
    {file = "numpy-1.21.1-cp37-cp37m-macosx_10_9_x86_64.whl", hash = "sha256:38e8648f9449a549a7dfe8d8755a5979b45b3538520d1e735637ef28e8c2dc50"},
    {file = "numpy-1.21.1-cp37-cp37m-manylinux_2_12_i686.manylinux2010_i686.whl", hash = "sha256:fd7d7409fa643a91d0a05c7554dd68aa9c9bb16e186f6ccfe40d6e003156e33a"},
    {file = "numpy-1.21.1-cp37-cp37m-manylinux_2_12_x86_64.manylinux2010_x86_64.whl", hash = "sha256:a75b4498b1e93d8b700282dc8e655b8bd559c0904b3910b144646dbbbc03e062"},
    {file = "numpy-1.21.1-cp37-cp37m-manylinux_2_17_aarch64.manylinux2014_aarch64.whl", hash = "sha256:1412aa0aec3e00bc23fbb8664d76552b4efde98fb71f60737c83efbac24112f1"},
    {file = "numpy-1.21.1-cp37-cp37m-manylinux_2_5_i686.manylinux1_i686.whl", hash = "sha256:e46ceaff65609b5399163de5893d8f2a82d3c77d5e56d976c8b5fb01faa6b671"},
    {file = "numpy-1.21.1-cp37-cp37m-manylinux_2_5_x86_64.manylinux1_x86_64.whl", hash = "sha256:c6a2324085dd52f96498419ba95b5777e40b6bcbc20088fddb9e8cbb58885e8e"},
    {file = "numpy-1.21.1-cp37-cp37m-win32.whl", hash = "sha256:73101b2a1fef16602696d133db402a7e7586654682244344b8329cdcbbb82172"},
    {file = "numpy-1.21.1-cp37-cp37m-win_amd64.whl", hash = "sha256:7a708a79c9a9d26904d1cca8d383bf869edf6f8e7650d85dbc77b041e8c5a0f8"},
    {file = "numpy-1.21.1-cp38-cp38-macosx_10_9_universal2.whl", hash = "sha256:95b995d0c413f5d0428b3f880e8fe1660ff9396dcd1f9eedbc311f37b5652e16"},
    {file = "numpy-1.21.1-cp38-cp38-macosx_10_9_x86_64.whl", hash = "sha256:635e6bd31c9fb3d475c8f44a089569070d10a9ef18ed13738b03049280281267"},
    {file = "numpy-1.21.1-cp38-cp38-macosx_11_0_arm64.whl", hash = "sha256:4a3d5fb89bfe21be2ef47c0614b9c9c707b7362386c9a3ff1feae63e0267ccb6"},
    {file = "numpy-1.21.1-cp38-cp38-manylinux_2_12_i686.manylinux2010_i686.whl", hash = "sha256:8a326af80e86d0e9ce92bcc1e65c8ff88297de4fa14ee936cb2293d414c9ec63"},
    {file = "numpy-1.21.1-cp38-cp38-manylinux_2_12_x86_64.manylinux2010_x86_64.whl", hash = "sha256:791492091744b0fe390a6ce85cc1bf5149968ac7d5f0477288f78c89b385d9af"},
    {file = "numpy-1.21.1-cp38-cp38-manylinux_2_17_aarch64.manylinux2014_aarch64.whl", hash = "sha256:0318c465786c1f63ac05d7c4dbcecd4d2d7e13f0959b01b534ea1e92202235c5"},
    {file = "numpy-1.21.1-cp38-cp38-manylinux_2_5_i686.manylinux1_i686.whl", hash = "sha256:9a513bd9c1551894ee3d31369f9b07460ef223694098cf27d399513415855b68"},
    {file = "numpy-1.21.1-cp38-cp38-manylinux_2_5_x86_64.manylinux1_x86_64.whl", hash = "sha256:91c6f5fc58df1e0a3cc0c3a717bb3308ff850abdaa6d2d802573ee2b11f674a8"},
    {file = "numpy-1.21.1-cp38-cp38-win32.whl", hash = "sha256:978010b68e17150db8765355d1ccdd450f9fc916824e8c4e35ee620590e234cd"},
    {file = "numpy-1.21.1-cp38-cp38-win_amd64.whl", hash = "sha256:9749a40a5b22333467f02fe11edc98f022133ee1bfa8ab99bda5e5437b831214"},
    {file = "numpy-1.21.1-cp39-cp39-macosx_10_9_universal2.whl", hash = "sha256:d7a4aeac3b94af92a9373d6e77b37691b86411f9745190d2c351f410ab3a791f"},
    {file = "numpy-1.21.1-cp39-cp39-macosx_10_9_x86_64.whl", hash = "sha256:d9e7912a56108aba9b31df688a4c4f5cb0d9d3787386b87d504762b6754fbb1b"},
    {file = "numpy-1.21.1-cp39-cp39-macosx_11_0_arm64.whl", hash = "sha256:25b40b98ebdd272bc3020935427a4530b7d60dfbe1ab9381a39147834e985eac"},
    {file = "numpy-1.21.1-cp39-cp39-manylinux_2_12_i686.manylinux2010_i686.whl", hash = "sha256:8a92c5aea763d14ba9d6475803fc7904bda7decc2a0a68153f587ad82941fec1"},
    {file = "numpy-1.21.1-cp39-cp39-manylinux_2_12_x86_64.manylinux2010_x86_64.whl", hash = "sha256:05a0f648eb28bae4bcb204e6fd14603de2908de982e761a2fc78efe0f19e96e1"},
    {file = "numpy-1.21.1-cp39-cp39-manylinux_2_17_aarch64.manylinux2014_aarch64.whl", hash = "sha256:f01f28075a92eede918b965e86e8f0ba7b7797a95aa8d35e1cc8821f5fc3ad6a"},
    {file = "numpy-1.21.1-cp39-cp39-win32.whl", hash = "sha256:88c0b89ad1cc24a5efbb99ff9ab5db0f9a86e9cc50240177a571fbe9c2860ac2"},
    {file = "numpy-1.21.1-cp39-cp39-win_amd64.whl", hash = "sha256:01721eefe70544d548425a07c80be8377096a54118070b8a62476866d5208e33"},
    {file = "numpy-1.21.1-pp37-pypy37_pp73-manylinux_2_12_x86_64.manylinux2010_x86_64.whl", hash = "sha256:2d4d1de6e6fb3d28781c73fbde702ac97f03d79e4ffd6598b880b2d95d62ead4"},
    {file = "numpy-1.21.1.zip", hash = "sha256:dff4af63638afcc57a3dfb9e4b26d434a7a602d225b42d746ea7fe2edf1342fd"},
]
openml = [
    {file = "openml-0.12.2.tar.gz", hash = "sha256:cefb4792ca12ee87ab3acc5e5afb4e9d205c398621e2424f2f5de1564cfee849"},
]
pandas = [
    {file = "pandas-1.3.5-cp310-cp310-macosx_10_9_universal2.whl", hash = "sha256:62d5b5ce965bae78f12c1c0df0d387899dd4211ec0bdc52822373f13a3a022b9"},
    {file = "pandas-1.3.5-cp310-cp310-macosx_10_9_x86_64.whl", hash = "sha256:adfeb11be2d54f275142c8ba9bf67acee771b7186a5745249c7d5a06c670136b"},
    {file = "pandas-1.3.5-cp310-cp310-macosx_11_0_arm64.whl", hash = "sha256:60a8c055d58873ad81cae290d974d13dd479b82cbb975c3e1fa2cf1920715296"},
    {file = "pandas-1.3.5-cp310-cp310-manylinux_2_17_aarch64.manylinux2014_aarch64.whl", hash = "sha256:fd541ab09e1f80a2a1760032d665f6e032d8e44055d602d65eeea6e6e85498cb"},
    {file = "pandas-1.3.5-cp310-cp310-manylinux_2_17_x86_64.manylinux2014_x86_64.whl", hash = "sha256:2651d75b9a167cc8cc572cf787ab512d16e316ae00ba81874b560586fa1325e0"},
    {file = "pandas-1.3.5-cp310-cp310-win_amd64.whl", hash = "sha256:aaf183a615ad790801fa3cf2fa450e5b6d23a54684fe386f7e3208f8b9bfbef6"},
    {file = "pandas-1.3.5-cp37-cp37m-macosx_10_9_x86_64.whl", hash = "sha256:344295811e67f8200de2390093aeb3c8309f5648951b684d8db7eee7d1c81fb7"},
    {file = "pandas-1.3.5-cp37-cp37m-manylinux_2_17_aarch64.manylinux2014_aarch64.whl", hash = "sha256:552020bf83b7f9033b57cbae65589c01e7ef1544416122da0c79140c93288f56"},
    {file = "pandas-1.3.5-cp37-cp37m-manylinux_2_17_x86_64.manylinux2014_x86_64.whl", hash = "sha256:5cce0c6bbeb266b0e39e35176ee615ce3585233092f685b6a82362523e59e5b4"},
    {file = "pandas-1.3.5-cp37-cp37m-manylinux_2_5_i686.manylinux1_i686.manylinux_2_17_i686.manylinux2014_i686.whl", hash = "sha256:7d28a3c65463fd0d0ba8bbb7696b23073efee0510783340a44b08f5e96ffce0c"},
    {file = "pandas-1.3.5-cp37-cp37m-win32.whl", hash = "sha256:a62949c626dd0ef7de11de34b44c6475db76995c2064e2d99c6498c3dba7fe58"},
    {file = "pandas-1.3.5-cp37-cp37m-win_amd64.whl", hash = "sha256:8025750767e138320b15ca16d70d5cdc1886e8f9cc56652d89735c016cd8aea6"},
    {file = "pandas-1.3.5-cp38-cp38-macosx_10_9_x86_64.whl", hash = "sha256:fe95bae4e2d579812865db2212bb733144e34d0c6785c0685329e5b60fcb85dd"},
    {file = "pandas-1.3.5-cp38-cp38-manylinux_2_17_aarch64.manylinux2014_aarch64.whl", hash = "sha256:5f261553a1e9c65b7a310302b9dbac31cf0049a51695c14ebe04e4bfd4a96f02"},
    {file = "pandas-1.3.5-cp38-cp38-manylinux_2_17_x86_64.manylinux2014_x86_64.whl", hash = "sha256:8b6dbec5f3e6d5dc80dcfee250e0a2a652b3f28663492f7dab9a24416a48ac39"},
    {file = "pandas-1.3.5-cp38-cp38-manylinux_2_5_i686.manylinux1_i686.manylinux_2_17_i686.manylinux2014_i686.whl", hash = "sha256:d3bc49af96cd6285030a64779de5b3688633a07eb75c124b0747134a63f4c05f"},
    {file = "pandas-1.3.5-cp38-cp38-win32.whl", hash = "sha256:b6b87b2fb39e6383ca28e2829cddef1d9fc9e27e55ad91ca9c435572cdba51bf"},
    {file = "pandas-1.3.5-cp38-cp38-win_amd64.whl", hash = "sha256:a395692046fd8ce1edb4c6295c35184ae0c2bbe787ecbe384251da609e27edcb"},
    {file = "pandas-1.3.5-cp39-cp39-macosx_10_9_x86_64.whl", hash = "sha256:bd971a3f08b745a75a86c00b97f3007c2ea175951286cdda6abe543e687e5f2f"},
    {file = "pandas-1.3.5-cp39-cp39-manylinux_2_17_aarch64.manylinux2014_aarch64.whl", hash = "sha256:37f06b59e5bc05711a518aa10beaec10942188dccb48918bb5ae602ccbc9f1a0"},
    {file = "pandas-1.3.5-cp39-cp39-manylinux_2_17_x86_64.manylinux2014_x86_64.whl", hash = "sha256:2c21778a688d3712d35710501f8001cdbf96eb70a7c587a3d5613573299fdca6"},
    {file = "pandas-1.3.5-cp39-cp39-manylinux_2_5_i686.manylinux1_i686.manylinux_2_17_i686.manylinux2014_i686.whl", hash = "sha256:3345343206546545bc26a05b4602b6a24385b5ec7c75cb6059599e3d56831da2"},
    {file = "pandas-1.3.5-cp39-cp39-win32.whl", hash = "sha256:c69406a2808ba6cf580c2255bcf260b3f214d2664a3a4197d0e640f573b46fd3"},
    {file = "pandas-1.3.5-cp39-cp39-win_amd64.whl", hash = "sha256:32e1a26d5ade11b547721a72f9bfc4bd113396947606e00d5b4a5b79b3dcb006"},
    {file = "pandas-1.3.5.tar.gz", hash = "sha256:1e4285f5de1012de20ca46b188ccf33521bff61ba5c5ebd78b4fb28e5416a9f1"},
]
protobuf = [
    {file = "protobuf-3.19.1-cp310-cp310-macosx_10_9_universal2.whl", hash = "sha256:d80f80eb175bf5f1169139c2e0c5ada98b1c098e2b3c3736667f28cbbea39fc8"},
    {file = "protobuf-3.19.1-cp310-cp310-manylinux2014_aarch64.whl", hash = "sha256:a529e7df52204565bcd33738a7a5f288f3d2d37d86caa5d78c458fa5fabbd54d"},
    {file = "protobuf-3.19.1-cp310-cp310-manylinux_2_17_x86_64.manylinux2014_x86_64.whl", hash = "sha256:28ccea56d4dc38d35cd70c43c2da2f40ac0be0a355ef882242e8586c6d66666f"},
    {file = "protobuf-3.19.1-cp36-cp36m-macosx_10_9_x86_64.whl", hash = "sha256:8b30a7de128c46b5ecb343917d9fa737612a6e8280f440874e5cc2ba0d79b8f6"},
    {file = "protobuf-3.19.1-cp36-cp36m-manylinux_2_17_x86_64.manylinux2014_x86_64.whl", hash = "sha256:5935c8ce02e3d89c7900140a8a42b35bc037ec07a6aeb61cc108be8d3c9438a6"},
    {file = "protobuf-3.19.1-cp36-cp36m-win32.whl", hash = "sha256:74f33edeb4f3b7ed13d567881da8e5a92a72b36495d57d696c2ea1ae0cfee80c"},
    {file = "protobuf-3.19.1-cp36-cp36m-win_amd64.whl", hash = "sha256:038daf4fa38a7e818dd61f51f22588d61755160a98db087a046f80d66b855942"},
    {file = "protobuf-3.19.1-cp37-cp37m-macosx_10_9_x86_64.whl", hash = "sha256:8e51561d72efd5bd5c91490af1f13e32bcba8dab4643761eb7de3ce18e64a853"},
    {file = "protobuf-3.19.1-cp37-cp37m-manylinux2014_aarch64.whl", hash = "sha256:6e8ea9173403219239cdfd8d946ed101f2ab6ecc025b0fda0c6c713c35c9981d"},
    {file = "protobuf-3.19.1-cp37-cp37m-manylinux_2_17_x86_64.manylinux2014_x86_64.whl", hash = "sha256:db3532d9f7a6ebbe2392041350437953b6d7a792de10e629c1e4f5a6b1fe1ac6"},
    {file = "protobuf-3.19.1-cp37-cp37m-win32.whl", hash = "sha256:615b426a177780ce381ecd212edc1e0f70db8557ed72560b82096bd36b01bc04"},
    {file = "protobuf-3.19.1-cp37-cp37m-win_amd64.whl", hash = "sha256:d8919368410110633717c406ab5c97e8df5ce93020cfcf3012834f28b1fab1ea"},
    {file = "protobuf-3.19.1-cp38-cp38-macosx_10_9_x86_64.whl", hash = "sha256:71b0250b0cfb738442d60cab68abc166de43411f2a4f791d31378590bfb71bd7"},
    {file = "protobuf-3.19.1-cp38-cp38-manylinux2014_aarch64.whl", hash = "sha256:3cd0458870ea7d1c58e948ac8078f6ba8a7ecc44a57e03032ed066c5bb318089"},
    {file = "protobuf-3.19.1-cp38-cp38-manylinux_2_17_x86_64.manylinux2014_x86_64.whl", hash = "sha256:655264ed0d0efe47a523e2255fc1106a22f6faab7cc46cfe99b5bae085c2a13e"},
    {file = "protobuf-3.19.1-cp38-cp38-win32.whl", hash = "sha256:b691d996c6d0984947c4cf8b7ae2fe372d99b32821d0584f0b90277aa36982d3"},
    {file = "protobuf-3.19.1-cp38-cp38-win_amd64.whl", hash = "sha256:e7e8d2c20921f8da0dea277dfefc6abac05903ceac8e72839b2da519db69206b"},
    {file = "protobuf-3.19.1-cp39-cp39-macosx_10_9_x86_64.whl", hash = "sha256:fd390367fc211cc0ffcf3a9e149dfeca78fecc62adb911371db0cec5c8b7472d"},
    {file = "protobuf-3.19.1-cp39-cp39-manylinux2014_aarch64.whl", hash = "sha256:d83e1ef8cb74009bebee3e61cc84b1c9cd04935b72bca0cbc83217d140424995"},
    {file = "protobuf-3.19.1-cp39-cp39-manylinux_2_17_x86_64.manylinux2014_x86_64.whl", hash = "sha256:36d90676d6f426718463fe382ec6274909337ca6319d375eebd2044e6c6ac560"},
    {file = "protobuf-3.19.1-cp39-cp39-win32.whl", hash = "sha256:e7b24c11df36ee8e0c085e5b0dc560289e4b58804746fb487287dda51410f1e2"},
    {file = "protobuf-3.19.1-cp39-cp39-win_amd64.whl", hash = "sha256:77d2fadcf369b3f22859ab25bd12bb8e98fb11e05d9ff9b7cd45b711c719c002"},
    {file = "protobuf-3.19.1-py2.py3-none-any.whl", hash = "sha256:e813b1c9006b6399308e917ac5d298f345d95bb31f46f02b60cd92970a9afa17"},
    {file = "protobuf-3.19.1.tar.gz", hash = "sha256:62a8e4baa9cb9e064eb62d1002eca820857ab2138440cb4b3ea4243830f94ca7"},
]
pyarrow = [
    {file = "pyarrow-6.0.1-cp310-cp310-macosx_10_13_universal2.whl", hash = "sha256:c80d2436294a07f9cc54852aa1cef034b6f9c97d29235c4bd53bbf52e24f1ebf"},
    {file = "pyarrow-6.0.1-cp310-cp310-macosx_10_13_x86_64.whl", hash = "sha256:f150b4f222d0ba397388908725692232345adaa8e58ad543ca00f03c7234ae7b"},
    {file = "pyarrow-6.0.1-cp310-cp310-macosx_10_9_x86_64.whl", hash = "sha256:c3a727642c1283dcb44728f0d0a00f8864b171e31c835f4b8def07e3fa8f5c73"},
    {file = "pyarrow-6.0.1-cp310-cp310-macosx_11_0_arm64.whl", hash = "sha256:d29605727865177918e806d855fd8404b6242bf1e56ade0a0023cd4fe5f7f841"},
    {file = "pyarrow-6.0.1-cp310-cp310-manylinux_2_12_x86_64.manylinux2010_x86_64.whl", hash = "sha256:b63b54dd0bada05fff76c15b233f9322de0e6947071b7871ec45024e16045aeb"},
    {file = "pyarrow-6.0.1-cp310-cp310-manylinux_2_17_aarch64.manylinux2014_aarch64.whl", hash = "sha256:9e90e75cb11e61ffeffb374f1db7c4788f1df0cb269596bf86c473155294958d"},
    {file = "pyarrow-6.0.1-cp310-cp310-manylinux_2_17_x86_64.manylinux2014_x86_64.whl", hash = "sha256:1f4f3db1da51db4cfbafab3066a01b01578884206dced9f505da950d9ed4402d"},
    {file = "pyarrow-6.0.1-cp310-cp310-win_amd64.whl", hash = "sha256:2523f87bd36877123fc8c4813f60d298722143ead73e907690a87e8557114693"},
    {file = "pyarrow-6.0.1-cp36-cp36m-macosx_10_13_x86_64.whl", hash = "sha256:8f7d34efb9d667f9204b40ce91a77613c46691c24cd098e3b6986bd7401b8f06"},
    {file = "pyarrow-6.0.1-cp36-cp36m-macosx_10_9_x86_64.whl", hash = "sha256:e3c9184335da8faf08c0df95668ce9d778df3795ce4eec959f44908742900e10"},
    {file = "pyarrow-6.0.1-cp36-cp36m-manylinux_2_12_x86_64.manylinux2010_x86_64.whl", hash = "sha256:02baee816456a6e64486e587caaae2bf9f084fa3a891354ff18c3e945a1cb72f"},
    {file = "pyarrow-6.0.1-cp36-cp36m-manylinux_2_17_aarch64.manylinux2014_aarch64.whl", hash = "sha256:604782b1c744b24a55df80125991a7154fbdef60991eb3d02bfaed06d22f055e"},
    {file = "pyarrow-6.0.1-cp36-cp36m-manylinux_2_17_x86_64.manylinux2014_x86_64.whl", hash = "sha256:fab8132193ae095c43b1e8d6d7f393451ac198de5aaf011c6b576b1442966fec"},
    {file = "pyarrow-6.0.1-cp36-cp36m-win_amd64.whl", hash = "sha256:31038366484e538608f43920a5e2957b8862a43aa49438814619b527f50ec127"},
    {file = "pyarrow-6.0.1-cp37-cp37m-macosx_10_13_x86_64.whl", hash = "sha256:632bea00c2fbe2da5d29ff1698fec312ed3aabfb548f06100144e1907e22093a"},
    {file = "pyarrow-6.0.1-cp37-cp37m-macosx_10_9_x86_64.whl", hash = "sha256:dc03c875e5d68b0d0143f94c438add3ab3c2411ade2748423a9c24608fea571e"},
    {file = "pyarrow-6.0.1-cp37-cp37m-manylinux_2_12_x86_64.manylinux2010_x86_64.whl", hash = "sha256:1cd4de317df01679e538004123d6d7bc325d73bad5c6bbc3d5f8aa2280408869"},
    {file = "pyarrow-6.0.1-cp37-cp37m-manylinux_2_17_aarch64.manylinux2014_aarch64.whl", hash = "sha256:e77b1f7c6c08ec319b7882c1a7c7304731530923532b3243060e6e64c456cf34"},
    {file = "pyarrow-6.0.1-cp37-cp37m-manylinux_2_17_x86_64.manylinux2014_x86_64.whl", hash = "sha256:a424fd9a3253d0322d53be7bbb20b5b01511706a61efadcf37f416da325e3d48"},
    {file = "pyarrow-6.0.1-cp37-cp37m-win_amd64.whl", hash = "sha256:c958cf3a4a9eee09e1063c02b89e882d19c61b3a2ce6cbd55191a6f45ed5004b"},
    {file = "pyarrow-6.0.1-cp38-cp38-macosx_10_13_x86_64.whl", hash = "sha256:0e0ef24b316c544f4bb56f5c376129097df3739e665feca0eb567f716d45c55a"},
    {file = "pyarrow-6.0.1-cp38-cp38-macosx_10_9_x86_64.whl", hash = "sha256:2c13ec3b26b3b069d673c5fa3a0c70c38f0d5c94686ac5dbc9d7e7d24040f812"},
    {file = "pyarrow-6.0.1-cp38-cp38-macosx_11_0_arm64.whl", hash = "sha256:71891049dc58039a9523e1cb0d921be001dacb2b327fa7b62a35b96a3aad9f0d"},
    {file = "pyarrow-6.0.1-cp38-cp38-manylinux_2_12_x86_64.manylinux2010_x86_64.whl", hash = "sha256:943141dd8cca6c5722552a0b11a3c2e791cdf85f1768dea8170b0a8a7e824ff9"},
    {file = "pyarrow-6.0.1-cp38-cp38-manylinux_2_17_aarch64.manylinux2014_aarch64.whl", hash = "sha256:1fd077c06061b8fa8fdf91591a4270e368f63cf73c6ab56924d3b64efa96a873"},
    {file = "pyarrow-6.0.1-cp38-cp38-manylinux_2_17_x86_64.manylinux2014_x86_64.whl", hash = "sha256:5308f4bb770b48e07c8cff36cf6a4452862e8ce9492428ad5581d846420b3884"},
    {file = "pyarrow-6.0.1-cp38-cp38-win_amd64.whl", hash = "sha256:cde4f711cd9476d4da18128c3a40cb529b6b7d2679aee6e0576212547530fef1"},
    {file = "pyarrow-6.0.1-cp39-cp39-macosx_10_13_universal2.whl", hash = "sha256:b8628269bd9289cae0ea668f5900451043252fe3666667f614e140084dd31aac"},
    {file = "pyarrow-6.0.1-cp39-cp39-macosx_10_13_x86_64.whl", hash = "sha256:981ccdf4f2696550733e18da882469893d2f33f55f3cbeb6a90f81741cbf67aa"},
    {file = "pyarrow-6.0.1-cp39-cp39-macosx_10_9_x86_64.whl", hash = "sha256:954326b426eec6e31ff55209f8840b54d788420e96c4005aaa7beed1fe60b42d"},
    {file = "pyarrow-6.0.1-cp39-cp39-macosx_11_0_arm64.whl", hash = "sha256:6b6483bf6b61fe9a046235e4ad4d9286b707607878d7dbdc2eb85a6ec4090baf"},
    {file = "pyarrow-6.0.1-cp39-cp39-manylinux_2_12_x86_64.manylinux2010_x86_64.whl", hash = "sha256:7ecad40a1d4e0104cd87757a403f36850261e7a989cf9e4cb3e30420bbbd1092"},
    {file = "pyarrow-6.0.1-cp39-cp39-manylinux_2_17_aarch64.manylinux2014_aarch64.whl", hash = "sha256:04c752fb41921d0064568a15a87dbb0222cfbe9040d4b2c1b306fe6e0a453530"},
    {file = "pyarrow-6.0.1-cp39-cp39-manylinux_2_17_x86_64.manylinux2014_x86_64.whl", hash = "sha256:725d3fe49dfe392ff14a8ae6a75b230a60e8985f2b621b18cfa912fe02b65f1a"},
    {file = "pyarrow-6.0.1-cp39-cp39-win_amd64.whl", hash = "sha256:2403c8af207262ce8e2bc1a9d19313941fd2e424f1cb3c4b749c17efe1fd699a"},
    {file = "pyarrow-6.0.1.tar.gz", hash = "sha256:423990d56cd8f12283b67367d48e142739b789085185018eb03d05087c3c8d43"},
]
python-dateutil = [
    {file = "python-dateutil-2.8.2.tar.gz", hash = "sha256:0123cacc1627ae19ddf3c27a5de5bd67ee4586fbdd6440d9748f8abb483d3e86"},
    {file = "python_dateutil-2.8.2-py2.py3-none-any.whl", hash = "sha256:961d03dc3453ebbc59dbdea9e4e11c5651520a876d0f4db161e8674aae935da9"},
]
pytz = [
    {file = "pytz-2021.3-py2.py3-none-any.whl", hash = "sha256:3672058bc3453457b622aab7a1c3bfd5ab0bdae451512f6cf25f64ed37f5b87c"},
    {file = "pytz-2021.3.tar.gz", hash = "sha256:acad2d8b20a1af07d4e4c9d2e9285c5ed9104354062f275f3fcd88dcef4f1326"},
]
requests = [
    {file = "requests-2.26.0-py2.py3-none-any.whl", hash = "sha256:6c1246513ecd5ecd4528a0906f910e8f0f9c6b8ec72030dc9fd154dc1a6efd24"},
    {file = "requests-2.26.0.tar.gz", hash = "sha256:b8aa58f8cf793ffd8782d3d8cb19e66ef36f7aba4353eec859e74678b01b07a7"},
]
scikit-learn = [
    {file = "scikit-learn-1.0.1.tar.gz", hash = "sha256:ac2ca9dbb754d61cfe1c83ba8483498ef951d29b93ec09d6f002847f210a99da"},
    {file = "scikit_learn-1.0.1-cp37-cp37m-macosx_10_13_x86_64.whl", hash = "sha256:116e05fd990d9b363fc29bd3699ec2117d7da9088f6ca9a90173b240c5a063f1"},
    {file = "scikit_learn-1.0.1-cp37-cp37m-manylinux_2_12_i686.manylinux2010_i686.whl", hash = "sha256:bd78a2442c948536f677e2744917c37cff014559648102038822c23863741c27"},
    {file = "scikit_learn-1.0.1-cp37-cp37m-manylinux_2_12_x86_64.manylinux2010_x86_64.whl", hash = "sha256:32d941f12fd7e245f01da2b82943c5ce6f1133fa5375eb80caa51457532b3e7e"},
    {file = "scikit_learn-1.0.1-cp37-cp37m-manylinux_2_17_aarch64.manylinux2014_aarch64.whl", hash = "sha256:fb7214103f6c36c1371dd8c166897e3528264a28f2e2e42573ba8c61ed4d7142"},
    {file = "scikit_learn-1.0.1-cp37-cp37m-manylinux_2_5_i686.manylinux1_i686.whl", hash = "sha256:46248cc6a8b72490f723c73ff2e65e62633d14cafe9d2df3a7b3f87d332a6f7e"},
    {file = "scikit_learn-1.0.1-cp37-cp37m-manylinux_2_5_x86_64.manylinux1_x86_64.whl", hash = "sha256:fecb5102f0a36c16c1361ec519a7bb0260776ef40e17393a81f530569c916a7b"},
    {file = "scikit_learn-1.0.1-cp37-cp37m-win32.whl", hash = "sha256:02aee3b257617da0ec98dee9572b10523dc00c25b68c195ddf100c1a93b1854b"},
    {file = "scikit_learn-1.0.1-cp37-cp37m-win_amd64.whl", hash = "sha256:538f3a85c4980c7572f3e754f0ba8489363976ef3e7f6a94e8f1af5ae45f6f6a"},
    {file = "scikit_learn-1.0.1-cp38-cp38-macosx_10_13_x86_64.whl", hash = "sha256:59b1d6df8724003fa16b7365a3b43449ee152aa6e488dd7a19f933640bb2d7fb"},
    {file = "scikit_learn-1.0.1-cp38-cp38-manylinux_2_12_i686.manylinux2010_i686.whl", hash = "sha256:515b227f01f569145dc9f86e56f4cea9f00a613fc4d074bbfc0a92ca00bff467"},
    {file = "scikit_learn-1.0.1-cp38-cp38-manylinux_2_12_x86_64.manylinux2010_x86_64.whl", hash = "sha256:fc75f81571137b39f9b31766e15a0e525331637e7fe8f8000a3fbfba7da3add9"},
    {file = "scikit_learn-1.0.1-cp38-cp38-manylinux_2_17_aarch64.manylinux2014_aarch64.whl", hash = "sha256:648f4dbfdd0a1b45bf6e2e4afe3f431774c55dee05e2d28f8394d6648296f373"},
    {file = "scikit_learn-1.0.1-cp38-cp38-manylinux_2_5_i686.manylinux1_i686.whl", hash = "sha256:53bb7c605427ab187869d7a05cd3f524a3015a90e351c1788fc3a662e7f92b69"},
    {file = "scikit_learn-1.0.1-cp38-cp38-manylinux_2_5_x86_64.manylinux1_x86_64.whl", hash = "sha256:a800665527c1a63f7395a0baae3c89b0d97b54d2c23769c1c9879061bb80bc19"},
    {file = "scikit_learn-1.0.1-cp38-cp38-win32.whl", hash = "sha256:ee59da47e18b703f6de17d5d51b16ce086c50969d5a83db5217f0ae9372de232"},
    {file = "scikit_learn-1.0.1-cp38-cp38-win_amd64.whl", hash = "sha256:ebbe4275556d3c02707bd93ae8b96d9651acd4165126e0ae64b336afa2a6dcb1"},
    {file = "scikit_learn-1.0.1-cp39-cp39-macosx_10_13_x86_64.whl", hash = "sha256:11a57405c1c3514227d0c6a0bee561c94cd1284b41e236f7a1d76b3975f77593"},
    {file = "scikit_learn-1.0.1-cp39-cp39-manylinux_2_12_i686.manylinux2010_i686.whl", hash = "sha256:a51fdbc116974d9715957366df73e5ec6f0a7a2afa017864c2e5f5834e6f494d"},
    {file = "scikit_learn-1.0.1-cp39-cp39-manylinux_2_12_x86_64.manylinux2010_x86_64.whl", hash = "sha256:944f47b2d881b9d24aee40d643bfdc4bd2b6dc3d25b62964411c6d8882f940a1"},
    {file = "scikit_learn-1.0.1-cp39-cp39-manylinux_2_17_aarch64.manylinux2014_aarch64.whl", hash = "sha256:fc60e0371e521995a6af2ef3f5d911568506124c272889b318b8b6e497251231"},
    {file = "scikit_learn-1.0.1-cp39-cp39-manylinux_2_5_i686.manylinux1_i686.whl", hash = "sha256:62ce4e3ddb6e6e9dcdb3e5ac7f0575dbaf56f79ce2b2edee55192b12b52df5be"},
    {file = "scikit_learn-1.0.1-cp39-cp39-manylinux_2_5_x86_64.manylinux1_x86_64.whl", hash = "sha256:059c5be0c0365321ddbcac7abf0db806fad8ecb64ee6c7cbcd58313c7d61634d"},
    {file = "scikit_learn-1.0.1-cp39-cp39-win32.whl", hash = "sha256:c6b9510fd2e1642314efb7aa951a0d05d963f3523e01c30b2dadde2395ebe6b4"},
    {file = "scikit_learn-1.0.1-cp39-cp39-win_amd64.whl", hash = "sha256:c604a813df8e7d6dfca3ae0db0a8fd7e5dff4ea9d94081ab263c81bf0b61ab4b"},
]
scipy = [
    {file = "scipy-1.6.1-cp37-cp37m-macosx_10_9_x86_64.whl", hash = "sha256:a15a1f3fc0abff33e792d6049161b7795909b40b97c6cc2934ed54384017ab76"},
    {file = "scipy-1.6.1-cp37-cp37m-manylinux1_i686.whl", hash = "sha256:e79570979ccdc3d165456dd62041d9556fb9733b86b4b6d818af7a0afc15f092"},
    {file = "scipy-1.6.1-cp37-cp37m-manylinux1_x86_64.whl", hash = "sha256:a423533c55fec61456dedee7b6ee7dce0bb6bfa395424ea374d25afa262be261"},
    {file = "scipy-1.6.1-cp37-cp37m-manylinux2014_aarch64.whl", hash = "sha256:33d6b7df40d197bdd3049d64e8e680227151673465e5d85723b3b8f6b15a6ced"},
    {file = "scipy-1.6.1-cp37-cp37m-win32.whl", hash = "sha256:6725e3fbb47da428794f243864f2297462e9ee448297c93ed1dcbc44335feb78"},
    {file = "scipy-1.6.1-cp37-cp37m-win_amd64.whl", hash = "sha256:5fa9c6530b1661f1370bcd332a1e62ca7881785cc0f80c0d559b636567fab63c"},
    {file = "scipy-1.6.1-cp38-cp38-macosx_10_9_x86_64.whl", hash = "sha256:bd50daf727f7c195e26f27467c85ce653d41df4358a25b32434a50d8870fc519"},
    {file = "scipy-1.6.1-cp38-cp38-manylinux1_i686.whl", hash = "sha256:f46dd15335e8a320b0fb4685f58b7471702234cba8bb3442b69a3e1dc329c345"},
    {file = "scipy-1.6.1-cp38-cp38-manylinux1_x86_64.whl", hash = "sha256:0e5b0ccf63155d90da576edd2768b66fb276446c371b73841e3503be1d63fb5d"},
    {file = "scipy-1.6.1-cp38-cp38-manylinux2014_aarch64.whl", hash = "sha256:2481efbb3740977e3c831edfd0bd9867be26387cacf24eb5e366a6a374d3d00d"},
    {file = "scipy-1.6.1-cp38-cp38-win32.whl", hash = "sha256:68cb4c424112cd4be886b4d979c5497fba190714085f46b8ae67a5e4416c32b4"},
    {file = "scipy-1.6.1-cp38-cp38-win_amd64.whl", hash = "sha256:5f331eeed0297232d2e6eea51b54e8278ed8bb10b099f69c44e2558c090d06bf"},
    {file = "scipy-1.6.1-cp39-cp39-macosx_10_9_x86_64.whl", hash = "sha256:0c8a51d33556bf70367452d4d601d1742c0e806cd0194785914daf19775f0e67"},
    {file = "scipy-1.6.1-cp39-cp39-manylinux1_i686.whl", hash = "sha256:83bf7c16245c15bc58ee76c5418e46ea1811edcc2e2b03041b804e46084ab627"},
    {file = "scipy-1.6.1-cp39-cp39-manylinux1_x86_64.whl", hash = "sha256:794e768cc5f779736593046c9714e0f3a5940bc6dcc1dba885ad64cbfb28e9f0"},
    {file = "scipy-1.6.1-cp39-cp39-manylinux2014_aarch64.whl", hash = "sha256:5da5471aed911fe7e52b86bf9ea32fb55ae93e2f0fac66c32e58897cfb02fa07"},
    {file = "scipy-1.6.1-cp39-cp39-win32.whl", hash = "sha256:8e403a337749ed40af60e537cc4d4c03febddcc56cd26e774c9b1b600a70d3e4"},
    {file = "scipy-1.6.1-cp39-cp39-win_amd64.whl", hash = "sha256:a5193a098ae9f29af283dcf0041f762601faf2e595c0db1da929875b7570353f"},
    {file = "scipy-1.6.1.tar.gz", hash = "sha256:c4fceb864890b6168e79b0e714c585dbe2fd4222768ee90bc1aa0f8218691b11"},
]
six = [
    {file = "six-1.16.0-py2.py3-none-any.whl", hash = "sha256:8abb2f1d86890a2dfb989f9a77cfcfd3e47c2a354b01111771326f8aa26e0254"},
    {file = "six-1.16.0.tar.gz", hash = "sha256:1e61c37477a1626458e36f7b1d82aa5c9b094fa4802892072e49de9c60c4c926"},
]
soupsieve = [
    {file = "soupsieve-2.3.1-py3-none-any.whl", hash = "sha256:1a3cca2617c6b38c0343ed661b1fa5de5637f257d4fe22bd9f1338010a1efefb"},
    {file = "soupsieve-2.3.1.tar.gz", hash = "sha256:b8d49b1cd4f037c7082a9683dfa1801aa2597fb11c3a1155b7a5b94829b4f1f9"},
]
threadpoolctl = [
    {file = "threadpoolctl-3.0.0-py3-none-any.whl", hash = "sha256:4fade5b3b48ae4b1c30f200b28f39180371104fccc642e039e0f2435ec8cc211"},
    {file = "threadpoolctl-3.0.0.tar.gz", hash = "sha256:d03115321233d0be715f0d3a5ad1d6c065fe425ddc2d671ca8e45e9fd5d7a52a"},
]
torch = [
    {file = "torch-1.10.0-cp36-cp36m-manylinux1_x86_64.whl", hash = "sha256:56022b0ce94c54e95a2f63fc5a1494feb1fc3d5c7a9b35a62944651d03edef05"},
    {file = "torch-1.10.0-cp36-cp36m-manylinux2014_aarch64.whl", hash = "sha256:13e1ffab502aa32d6841a018771b47028d02dbbc685c5b79cfd61db5464dae4e"},
    {file = "torch-1.10.0-cp36-cp36m-win_amd64.whl", hash = "sha256:3c0a942e0df104c80b0eedc30d2a19cdc3d28601bc6e280bf24b2e6255016d3b"},
    {file = "torch-1.10.0-cp36-none-macosx_10_9_x86_64.whl", hash = "sha256:eea16c01af1980ba709c00e8d5e6c09bedb5b30f9fa2085f6a52a78d7dc4e125"},
    {file = "torch-1.10.0-cp37-cp37m-manylinux1_x86_64.whl", hash = "sha256:b812e8d40d7037748da40bb695bd849e7b2e7faad4cd06df53d2cc4531926fda"},
    {file = "torch-1.10.0-cp37-cp37m-manylinux2014_aarch64.whl", hash = "sha256:034df0b20603bfc81325094586647302891b9b20be7e36f152c7dd6af00deac1"},
    {file = "torch-1.10.0-cp37-cp37m-win_amd64.whl", hash = "sha256:67fc509e207b8e7330f2e76e77800950317d31d035a4d19593db991962afead4"},
    {file = "torch-1.10.0-cp37-none-macosx_10_9_x86_64.whl", hash = "sha256:4499055547087d7ef7e8a754f09c2c4f1470297ae3e5490363dba66c75501b21"},
    {file = "torch-1.10.0-cp38-cp38-manylinux1_x86_64.whl", hash = "sha256:ab0cf330714c8f79a837c04784a7a5658b014cf5a4ca527e7b710155ae519cdf"},
    {file = "torch-1.10.0-cp38-cp38-manylinux2014_aarch64.whl", hash = "sha256:e01ba5946267014abfdb30248bcdbd457aaa20cff749febe7fc191e5ae096af4"},
    {file = "torch-1.10.0-cp38-cp38-win_amd64.whl", hash = "sha256:9013002adcb42bac05dcdbf0a03dd9f6bb5d7ab8b9817041c1176a014870786b"},
    {file = "torch-1.10.0-cp38-none-macosx_10_9_x86_64.whl", hash = "sha256:aef7afb62e9b174b4e0e5e1e4a42e3bab3b8490a668d666f62f7d4517559fbf2"},
    {file = "torch-1.10.0-cp38-none-macosx_11_0_arm64.whl", hash = "sha256:d6185827b285780653cdd81d77a09fdca76a5b190d5986d552be2a5c442cfaa4"},
    {file = "torch-1.10.0-cp39-cp39-manylinux1_x86_64.whl", hash = "sha256:d82e68302c9b5c76ed585e04d61be0ca2184f70cb8ffeba8610570609ad5d7c9"},
    {file = "torch-1.10.0-cp39-cp39-manylinux2014_aarch64.whl", hash = "sha256:e5822200bf80a1495ad98a2bb41803eeba4a85ce373e35fc65765f7f888f5374"},
    {file = "torch-1.10.0-cp39-cp39-win_amd64.whl", hash = "sha256:ca2c88fa4376e2648785029ab108e6e7abd784eb6535fc6036004b9254f9f7c1"},
    {file = "torch-1.10.0-cp39-none-macosx_10_9_x86_64.whl", hash = "sha256:d6ef87470b44df9970e84542547d5ba7720bb89616602441df555a39b124e2bc"},
    {file = "torch-1.10.0-cp39-none-macosx_11_0_arm64.whl", hash = "sha256:eea675ec01ec4b4a0655fd2984f166a5ca3b933dae6ad4eb4e52eba7026dc176"},
]
typing-extensions = [
    {file = "typing_extensions-4.0.1-py3-none-any.whl", hash = "sha256:7f001e5ac290a0c0401508864c7ec868be4e701886d5b573a9528ed3973d9d3b"},
    {file = "typing_extensions-4.0.1.tar.gz", hash = "sha256:4ca091dea149f945ec56afb48dae714f21e8692ef22a395223bcd328961b6a0e"},
]
urllib3 = [
    {file = "urllib3-1.26.7-py2.py3-none-any.whl", hash = "sha256:c4fdf4019605b6e5423637e01bc9fe4daef873709a7973e195ceba0a62bbc844"},
    {file = "urllib3-1.26.7.tar.gz", hash = "sha256:4987c65554f7a2dbf30c18fd48778ef124af6fab771a377103da0585e2336ece"},
]
xmltodict = [
    {file = "xmltodict-0.12.0-py2.py3-none-any.whl", hash = "sha256:8bbcb45cc982f48b2ca8fe7e7827c5d792f217ecf1792626f808bf41c3b86051"},
    {file = "xmltodict-0.12.0.tar.gz", hash = "sha256:50d8c638ed7ecb88d90561beedbf720c9b4e851a9fa6c47ebd64e99d166d8a21"},
]
